
Microsoft Visual Studio Solution File, Format Version 12.00
# Visual Studio Version 17
VisualStudioVersion = 17.0.31919.166
MinimumVisualStudioVersion = 10.0.40219.1
Project("{9A19103F-16F7-4668-BE54-9A1E7A4F7556}") = "eCommerce", "eCommerce\eCommerce.csproj", "{83239CEC-9CCF-4CA6-BA18-4235B2447667}"
EndProject
Global
	GlobalSection(SolutionConfigurationPlatforms) = preSolution
		Debug|Any CPU = Debug|Any CPU
		Release|Any CPU = Release|Any CPU
	EndGlobalSection
	GlobalSection(ProjectConfigurationPlatforms) = postSolution
		{83239CEC-9CCF-4CA6-BA18-4235B2447667}.Debug|Any CPU.ActiveCfg = Debug|Any CPU
		{83239CEC-9CCF-4CA6-BA18-4235B2447667}.Debug|Any CPU.Build.0 = Debug|Any CPU
		{83239CEC-9CCF-4CA6-BA18-4235B2447667}.Release|Any CPU.ActiveCfg = Release|Any CPU
		{83239CEC-9CCF-4CA6-BA18-4235B2447667}.Release|Any CPU.Build.0 = Release|Any CPU
	EndGlobalSection
	GlobalSection(SolutionProperties) = preSolution
		HideSolutionNode = FALSE
	EndGlobalSection
	GlobalSection(ExtensibilityGlobals) = postSolution
		SolutionGuid = {879FD3CD-2958-45BE-8C5D-ED4E2EFF7BC6}
	EndGlobalSection
EndGlobal
